
Microsoft Visual Studio Solution File, Format Version 12.00
# Visual Studio 15
VisualStudioVersion = 15.0.27703.2000
MinimumVisualStudioVersion = 10.0.40219.1
Project("{888888A0-9F3D-457C-B088-3A5042F75D52}") = "Cable_finder", "CableFinder\cable_finder.pyproj", "{CB015361-A5C1-47A3-80DE-E0FD094F6A87}"
EndProject
Global
	GlobalSection(SolutionConfigurationPlatforms) = preSolution
		Debug|Any CPU = Debug|Any CPU
		Release|Any CPU = Release|Any CPU
	EndGlobalSection
	GlobalSection(ProjectConfigurationPlatforms) = postSolution
		{CB015361-A5C1-47A3-80DE-E0FD094F6A87}.Debug|Any CPU.ActiveCfg = Debug|Any CPU
		{CB015361-A5C1-47A3-80DE-E0FD094F6A87}.Release|Any CPU.ActiveCfg = Release|Any CPU
	EndGlobalSection
	GlobalSection(SolutionProperties) = preSolution
		HideSolutionNode = FALSE
	EndGlobalSection
	GlobalSection(ExtensibilityGlobals) = postSolution
		SolutionGuid = {C663F99C-8292-41C9-B193-06777CCAD1AD}
	EndGlobalSection
EndGlobal
